// !$*UTF8*$!
{
	archiveVersion = 1;
	classes = {
	};
	objectVersion = 50;
	objects = {

/* Begin PBXBuildFile section */
		169CCB592268D46700FA68CA /* AppDelegate.swift in Sources */ = {isa = PBXBuildFile; fileRef = 169CCB582268D46700FA68CA /* AppDelegate.swift */; };
		169CCB5B2268D46700FA68CA /* ViewController.swift in Sources */ = {isa = PBXBuildFile; fileRef = 169CCB5A2268D46700FA68CA /* ViewController.swift */; };
		169CCB5E2268D46700FA68CA /* Main.storyboard in Resources */ = {isa = PBXBuildFile; fileRef = 169CCB5C2268D46700FA68CA /* Main.storyboard */; };
		169CCB612268D46700FA68CA /* CoreDataApp.xcdatamodeld in Sources */ = {isa = PBXBuildFile; fileRef = 169CCB5F2268D46700FA68CA /* CoreDataApp.xcdatamodeld */; };
		169CCB632268D46800FA68CA /* Assets.xcassets in Resources */ = {isa = PBXBuildFile; fileRef = 169CCB622268D46800FA68CA /* Assets.xcassets */; };
		169CCB662268D46800FA68CA /* LaunchScreen.storyboard in Resources */ = {isa = PBXBuildFile; fileRef = 169CCB642268D46800FA68CA /* LaunchScreen.storyboard */; };
		169CCB712268D46800FA68CA /* CoreDataAppTests.swift in Sources */ = {isa = PBXBuildFile; fileRef = 169CCB702268D46800FA68CA /* CoreDataAppTests.swift */; };
		169CCB7C2268D46800FA68CA /* CoreDataAppUITests.swift in Sources */ = {isa = PBXBuildFile; fileRef = 169CCB7B2268D46800FA68CA /* CoreDataAppUITests.swift */; };
/* End PBXBuildFile section */

/* Begin PBXContainerItemProxy section */
		169CCB6D2268D46800FA68CA /* PBXContainerItemProxy */ = {
			isa = PBXContainerItemProxy;
			containerPortal = 169CCB4D2268D46700FA68CA /* Project object */;
			proxyType = 1;
			remoteGlobalIDString = 169CCB542268D46700FA68CA;
			remoteInfo = CoreDataApp;
		};
		169CCB782268D46800FA68CA /* PBXContainerItemProxy */ = {
			isa = PBXContainerItemProxy;
			containerPortal = 169CCB4D2268D46700FA68CA /* Project object */;
			proxyType = 1;
			remoteGlobalIDString = 169CCB542268D46700FA68CA;
			remoteInfo = CoreDataApp;
		};
/* End PBXContainerItemProxy section */

/* Begin PBXFileReference section */
		169CCB552268D46700FA68CA /* CoreDataApp.app */ = {isa = PBXFileReference; explicitFileType = wrapper.application; includeInIndex = 0; path = CoreDataApp.app; sourceTree = BUILT_PRODUCTS_DIR; };
		169CCB582268D46700FA68CA /* AppDelegate.swift */ = {isa = PBXFileReference; lastKnownFileType = sourcecode.swift; path = AppDelegate.swift; sourceTree = "<group>"; };
		169CCB5A2268D46700FA68CA /* ViewController.swift */ = {isa = PBXFileReference; lastKnownFileType = sourcecode.swift; path = ViewController.swift; sourceTree = "<group>"; };
		169CCB5D2268D46700FA68CA /* Base */ = {isa = PBXFileReference; lastKnownFileType = file.storyboard; name = Base; path = Base.lproj/Main.storyboard; sourceTree = "<group>"; };
		169CCB602268D46700FA68CA /* CoreDataApp.xcdatamodel */ = {isa = PBXFileReference; lastKnownFileType = wrapper.xcdatamodel; path = CoreDataApp.xcdatamodel; sourceTree = "<group>"; };
		169CCB622268D46800FA68CA /* Assets.xcassets */ = {isa = PBXFileReference; lastKnownFileType = folder.assetcatalog; path = Assets.xcassets; sourceTree = "<group>"; };
		169CCB652268D46800FA68CA /* Base */ = {isa = PBXFileReference; lastKnownFileType = file.storyboard; name = Base; path = Base.lproj/LaunchScreen.storyboard; sourceTree = "<group>"; };
		169CCB672268D46800FA68CA /* Info.plist */ = {isa = PBXFileReference; lastKnownFileType = text.plist.xml; path = Info.plist; sourceTree = "<group>"; };
		169CCB6C2268D46800FA68CA /* CoreDataAppTests.xctest */ = {isa = PBXFileReference; explicitFileType = wrapper.cfbundle; includeInIndex = 0; path = CoreDataAppTests.xctest; sourceTree = BUILT_PRODUCTS_DIR; };
		169CCB702268D46800FA68CA /* CoreDataAppTests.swift */ = {isa = PBXFileReference; lastKnownFileType = sourcecode.swift; path = CoreDataAppTests.swift; sourceTree = "<group>"; };
		169CCB722268D46800FA68CA /* Info.plist */ = {isa = PBXFileReference; lastKnownFileType = text.plist.xml; path = Info.plist; sourceTree = "<group>"; };
		169CCB772268D46800FA68CA /* CoreDataAppUITests.xctest */ = {isa = PBXFileReference; explicitFileType = wrapper.cfbundle; includeInIndex = 0; path = CoreDataAppUITests.xctest; sourceTree = BUILT_PRODUCTS_DIR; };
		169CCB7B2268D46800FA68CA /* CoreDataAppUITests.swift */ = {isa = PBXFileReference; lastKnownFileType = sourcecode.swift; path = CoreDataAppUITests.swift; sourceTree = "<group>"; };
		169CCB7D2268D46800FA68CA /* Info.plist */ = {isa = PBXFileReference; lastKnownFileType = text.plist.xml; path = Info.plist; sourceTree = "<group>"; };
/* End PBXFileReference section */

/* Begin PBXFrameworksBuildPhase section */
		169CCB522268D46700FA68CA /* Frameworks */ = {
			isa = PBXFrameworksBuildPhase;
			buildActionMask = 2147483647;
			files = (
			);
			runOnlyForDeploymentPostprocessing = 0;
		};
		169CCB692268D46800FA68CA /* Frameworks */ = {
			isa = PBXFrameworksBuildPhase;
			buildActionMask = 2147483647;
			files = (
			);
			runOnlyForDeploymentPostprocessing = 0;
		};
		169CCB742268D46800FA68CA /* Frameworks */ = {
			isa = PBXFrameworksBuildPhase;
			buildActionMask = 2147483647;
			files = (
			);
			runOnlyForDeploymentPostprocessing = 0;
		};
/* End PBXFrameworksBuildPhase section */

/* Begin PBXGroup section */
		169CCB4C2268D46700FA68CA = {
			isa = PBXGroup;
			children = (
				169CCB572268D46700FA68CA /* CoreDataApp */,
				169CCB6F2268D46800FA68CA /* CoreDataAppTests */,
				169CCB7A2268D46800FA68CA /* CoreDataAppUITests */,
				169CCB562268D46700FA68CA /* Products */,
			);
			sourceTree = "<group>";
		};
		169CCB562268D46700FA68CA /* Products */ = {
			isa = PBXGroup;
			children = (
				169CCB552268D46700FA68CA /* CoreDataApp.app */,
				169CCB6C2268D46800FA68CA /* CoreDataAppTests.xctest */,
				169CCB772268D46800FA68CA /* CoreDataAppUITests.xctest */,
			);
			name = Products;
			sourceTree = "<group>";
		};
		169CCB572268D46700FA68CA /* CoreDataApp */ = {
			isa = PBXGroup;
			children = (
				169CCB582268D46700FA68CA /* AppDelegate.swift */,
				169CCB5A2268D46700FA68CA /* ViewController.swift */,
				169CCB5C2268D46700FA68CA /* Main.storyboard */,
				169CCB622268D46800FA68CA /* Assets.xcassets */,
				169CCB642268D46800FA68CA /* LaunchScreen.storyboard */,
				169CCB672268D46800FA68CA /* Info.plist */,
				169CCB5F2268D46700FA68CA /* CoreDataApp.xcdatamodeld */,
			);
			path = CoreDataApp;
			sourceTree = "<group>";
		};
		169CCB6F2268D46800FA68CA /* CoreDataAppTests */ = {
			isa = PBXGroup;
			children = (
				169CCB702268D46800FA68CA /* CoreDataAppTests.swift */,
				169CCB722268D46800FA68CA /* Info.plist */,
			);
			path = CoreDataAppTests;
			sourceTree = "<group>";
		};
		169CCB7A2268D46800FA68CA /* CoreDataAppUITests */ = {
			isa = PBXGroup;
			children = (
				169CCB7B2268D46800FA68CA /* CoreDataAppUITests.swift */,
				169CCB7D2268D46800FA68CA /* Info.plist */,
			);
			path = CoreDataAppUITests;
			sourceTree = "<group>";
		};
/* End PBXGroup section */

/* Begin PBXNativeTarget section */
		169CCB542268D46700FA68CA /* CoreDataApp */ = {
			isa = PBXNativeTarget;
			buildConfigurationList = 169CCB802268D46800FA68CA /* Build configuration list for PBXNativeTarget "CoreDataApp" */;
			buildPhases = (
				169CCB512268D46700FA68CA /* Sources */,
				169CCB522268D46700FA68CA /* Frameworks */,
				169CCB532268D46700FA68CA /* Resources */,
			);
			buildRules = (
			);
			dependencies = (
			);
			name = CoreDataApp;
			productName = CoreDataApp;
			productReference = 169CCB552268D46700FA68CA /* CoreDataApp.app */;
			productType = "com.apple.product-type.application";
		};
		169CCB6B2268D46800FA68CA /* CoreDataAppTests */ = {
			isa = PBXNativeTarget;
			buildConfigurationList = 169CCB832268D46800FA68CA /* Build configuration list for PBXNativeTarget "CoreDataAppTests" */;
			buildPhases = (
				169CCB682268D46800FA68CA /* Sources */,
				169CCB692268D46800FA68CA /* Frameworks */,
				169CCB6A2268D46800FA68CA /* Resources */,
			);
			buildRules = (
			);
			dependencies = (
				169CCB6E2268D46800FA68CA /* PBXTargetDependency */,
			);
			name = CoreDataAppTests;
			productName = CoreDataAppTests;
			productReference = 169CCB6C2268D46800FA68CA /* CoreDataAppTests.xctest */;
			productType = "com.apple.product-type.bundle.unit-test";
		};
		169CCB762268D46800FA68CA /* CoreDataAppUITests */ = {
			isa = PBXNativeTarget;
			buildConfigurationList = 169CCB862268D46800FA68CA /* Build configuration list for PBXNativeTarget "CoreDataAppUITests" */;
			buildPhases = (
				169CCB732268D46800FA68CA /* Sources */,
				169CCB742268D46800FA68CA /* Frameworks */,
				169CCB752268D46800FA68CA /* Resources */,
			);
			buildRules = (
			);
			dependencies = (
				169CCB792268D46800FA68CA /* PBXTargetDependency */,
			);
			name = CoreDataAppUITests;
			productName = CoreDataAppUITests;
			productReference = 169CCB772268D46800FA68CA /* CoreDataAppUITests.xctest */;
			productType = "com.apple.product-type.bundle.ui-testing";
		};
/* End PBXNativeTarget section */

/* Begin PBXProject section */
		169CCB4D2268D46700FA68CA /* Project object */ = {
			isa = PBXProject;
			attributes = {
				LastSwiftUpdateCheck = 1010;
				LastUpgradeCheck = 1010;
				ORGANIZATIONNAME = "Julia Wopata";
				TargetAttributes = {
					169CCB542268D46700FA68CA = {
						CreatedOnToolsVersion = 10.1;
					};
					169CCB6B2268D46800FA68CA = {
						CreatedOnToolsVersion = 10.1;
						TestTargetID = 169CCB542268D46700FA68CA;
					};
					169CCB762268D46800FA68CA = {
						CreatedOnToolsVersion = 10.1;
						TestTargetID = 169CCB542268D46700FA68CA;
					};
				};
			};
			buildConfigurationList = 169CCB502268D46700FA68CA /* Build configuration list for PBXProject "CoreDataApp" */;
			compatibilityVersion = "Xcode 9.3";
			developmentRegion = en;
			hasScannedForEncodings = 0;
			knownRegions = (
				en,
				Base,
			);
			mainGroup = 169CCB4C2268D46700FA68CA;
			productRefGroup = 169CCB562268D46700FA68CA /* Products */;
			projectDirPath = "";
			projectRoot = "";
			targets = (
				169CCB542268D46700FA68CA /* CoreDataApp */,
				169CCB6B2268D46800FA68CA /* CoreDataAppTests */,
				169CCB762268D46800FA68CA /* CoreDataAppUITests */,
			);
		};
/* End PBXProject section */

/* Begin PBXResourcesBuildPhase section */
		169CCB532268D46700FA68CA /* Resources */ = {
			isa = PBXResourcesBuildPhase;
			buildActionMask = 2147483647;
			files = (
				169CCB662268D46800FA68CA /* LaunchScreen.storyboard in Resources */,
				169CCB632268D46800FA68CA /* Assets.xcassets in Resources */,
				169CCB5E2268D46700FA68CA /* Main.storyboard in Resources */,
			);
			runOnlyForDeploymentPostprocessing = 0;
		};
		169CCB6A2268D46800FA68CA /* Resources */ = {
			isa = PBXResourcesBuildPhase;
			buildActionMask = 2147483647;
			files = (
			);
			runOnlyForDeploymentPostprocessing = 0;
		};
		169CCB752268D46800FA68CA /* Resources */ = {
			isa = PBXResourcesBuildPhase;
			buildActionMask = 2147483647;
			files = (
			);
			runOnlyForDeploymentPostprocessing = 0;
		};
/* End PBXResourcesBuildPhase section */

/* Begin PBXSourcesBuildPhase section */
		169CCB512268D46700FA68CA /* Sources */ = {
			isa = PBXSourcesBuildPhase;
			buildActionMask = 2147483647;
			files = (
				169CCB5B2268D46700FA68CA /* ViewController.swift in Sources */,
				169CCB612268D46700FA68CA /* CoreDataApp.xcdatamodeld in Sources */,
				169CCB592268D46700FA68CA /* AppDelegate.swift in Sources */,
			);
			runOnlyForDeploymentPostprocessing = 0;
		};
		169CCB682268D46800FA68CA /* Sources */ = {
			isa = PBXSourcesBuildPhase;
			buildActionMask = 2147483647;
			files = (
				169CCB712268D46800FA68CA /* CoreDataAppTests.swift in Sources */,
			);
			runOnlyForDeploymentPostprocessing = 0;
		};
		169CCB732268D46800FA68CA /* Sources */ = {
			isa = PBXSourcesBuildPhase;
			buildActionMask = 2147483647;
			files = (
				169CCB7C2268D46800FA68CA /* CoreDataAppUITests.swift in Sources */,
			);
			runOnlyForDeploymentPostprocessing = 0;
		};
/* End PBXSourcesBuildPhase section */

/* Begin PBXTargetDependency section */
		169CCB6E2268D46800FA68CA /* PBXTargetDependency */ = {
			isa = PBXTargetDependency;
			target = 169CCB542268D46700FA68CA /* CoreDataApp */;
			targetProxy = 169CCB6D2268D46800FA68CA /* PBXContainerItemProxy */;
		};
		169CCB792268D46800FA68CA /* PBXTargetDependency */ = {
			isa = PBXTargetDependency;
			target = 169CCB542268D46700FA68CA /* CoreDataApp */;
			targetProxy = 169CCB782268D46800FA68CA /* PBXContainerItemProxy */;
		};
/* End PBXTargetDependency section */

/* Begin PBXVariantGroup section */
		169CCB5C2268D46700FA68CA /* Main.storyboard */ = {
			isa = PBXVariantGroup;
			children = (
				169CCB5D2268D46700FA68CA /* Base */,
			);
			name = Main.storyboard;
			sourceTree = "<group>";
		};
		169CCB642268D46800FA68CA /* LaunchScreen.storyboard */ = {
			isa = PBXVariantGroup;
			children = (
				169CCB652268D46800FA68CA /* Base */,
			);
			name = LaunchScreen.storyboard;
			sourceTree = "<group>";
		};
/* End PBXVariantGroup section */

/* Begin XCBuildConfiguration section */
		169CCB7E2268D46800FA68CA /* Debug */ = {
			isa = XCBuildConfiguration;
			buildSettings = {
				ALWAYS_SEARCH_USER_PATHS = NO;
				CLANG_ANALYZER_NONNULL = YES;
				CLANG_ANALYZER_NUMBER_OBJECT_CONVERSION = YES_AGGRESSIVE;
				CLANG_CXX_LANGUAGE_STANDARD = "gnu++14";
				CLANG_CXX_LIBRARY = "libc++";
				CLANG_ENABLE_MODULES = YES;
				CLANG_ENABLE_OBJC_ARC = YES;
				CLANG_ENABLE_OBJC_WEAK = YES;
				CLANG_WARN_BLOCK_CAPTURE_AUTORELEASING = YES;
				CLANG_WARN_BOOL_CONVERSION = YES;
				CLANG_WARN_COMMA = YES;
				CLANG_WARN_CONSTANT_CONVERSION = YES;
				CLANG_WARN_DEPRECATED_OBJC_IMPLEMENTATIONS = YES;
				CLANG_WARN_DIRECT_OBJC_ISA_USAGE = YES_ERROR;
				CLANG_WARN_DOCUMENTATION_COMMENTS = YES;
				CLANG_WARN_EMPTY_BODY = YES;
				CLANG_WARN_ENUM_CONVERSION = YES;
				CLANG_WARN_INFINITE_RECURSION = YES;
				CLANG_WARN_INT_CONVERSION = YES;
				CLANG_WARN_NON_LITERAL_NULL_CONVERSION = YES;
				CLANG_WARN_OBJC_IMPLICIT_RETAIN_SELF = YES;
				CLANG_WARN_OBJC_LITERAL_CONVERSION = YES;
				CLANG_WARN_OBJC_ROOT_CLASS = YES_ERROR;
				CLANG_WARN_RANGE_LOOP_ANALYSIS = YES;
				CLANG_WARN_STRICT_PROTOTYPES = YES;
				CLANG_WARN_SUSPICIOUS_MOVE = YES;
				CLANG_WARN_UNGUARDED_AVAILABILITY = YES_AGGRESSIVE;
				CLANG_WARN_UNREACHABLE_CODE = YES;
				CLANG_WARN__DUPLICATE_METHOD_MATCH = YES;
				CODE_SIGN_IDENTITY = "iPhone Developer";
				COPY_PHASE_STRIP = NO;
				DEBUG_INFORMATION_FORMAT = dwarf;
				ENABLE_STRICT_OBJC_MSGSEND = YES;
				ENABLE_TESTABILITY = YES;
				GCC_C_LANGUAGE_STANDARD = gnu11;
				GCC_DYNAMIC_NO_PIC = NO;
				GCC_NO_COMMON_BLOCKS = YES;
				GCC_OPTIMIZATION_LEVEL = 0;
				GCC_PREPROCESSOR_DEFINITIONS = (
					"DEBUG=1",
					"$(inherited)",
				);
				GCC_WARN_64_TO_32_BIT_CONVERSION = YES;
				GCC_WARN_ABOUT_RETURN_TYPE = YES_ERROR;
				GCC_WARN_UNDECLARED_SELECTOR = YES;
				GCC_WARN_UNINITIALIZED_AUTOS = YES_AGGRESSIVE;
				GCC_WARN_UNUSED_FUNCTION = YES;
				GCC_WARN_UNUSED_VARIABLE = YES;
				IPHONEOS_DEPLOYMENT_TARGET = 12.1;
				MTL_ENABLE_DEBUG_INFO = INCLUDE_SOURCE;
				MTL_FAST_MATH = YES;
				ONLY_ACTIVE_ARCH = YES;
				SDKROOT = iphoneos;
				SWIFT_ACTIVE_COMPILATION_CONDITIONS = DEBUG;
				SWIFT_OPTIMIZATION_LEVEL = "-Onone";
			};
			name = Debug;
		};
		169CCB7F2268D46800FA68CA /* Release */ = {
			isa = XCBuildConfiguration;
			buildSettings = {
				ALWAYS_SEARCH_USER_PATHS = NO;
				CLANG_ANALYZER_NONNULL = YES;
				CLANG_ANALYZER_NUMBER_OBJECT_CONVERSION = YES_AGGRESSIVE;
				CLANG_CXX_LANGUAGE_STANDARD = "gnu++14";
				CLANG_CXX_LIBRARY = "libc++";
				CLANG_ENABLE_MODULES = YES;
				CLANG_ENABLE_OBJC_ARC = YES;
				CLANG_ENABLE_OBJC_WEAK = YES;
				CLANG_WARN_BLOCK_CAPTURE_AUTORELEASING = YES;
				CLANG_WARN_BOOL_CONVERSION = YES;
				CLANG_WARN_COMMA = YES;
				CLANG_WARN_CONSTANT_CONVERSION = YES;
				CLANG_WARN_DEPRECATED_OBJC_IMPLEMENTATIONS = YES;
				CLANG_WARN_DIRECT_OBJC_ISA_USAGE = YES_ERROR;
				CLANG_WARN_DOCUMENTATION_COMMENTS = YES;
				CLANG_WARN_EMPTY_BODY = YES;
				CLANG_WARN_ENUM_CONVERSION = YES;
				CLANG_WARN_INFINITE_RECURSION = YES;
				CLANG_WARN_INT_CONVERSION = YES;
				CLANG_WARN_NON_LITERAL_NULL_CONVERSION = YES;
				CLANG_WARN_OBJC_IMPLICIT_RETAIN_SELF = YES;
				CLANG_WARN_OBJC_LITERAL_CONVERSION = YES;
				CLANG_WARN_OBJC_ROOT_CLASS = YES_ERROR;
				CLANG_WARN_RANGE_LOOP_ANALYSIS = YES;
				CLANG_WARN_STRICT_PROTOTYPES = YES;
				CLANG_WARN_SUSPICIOUS_MOVE = YES;
				CLANG_WARN_UNGUARDED_AVAILABILITY = YES_AGGRESSIVE;
				CLANG_WARN_UNREACHABLE_CODE = YES;
				CLANG_WARN__DUPLICATE_METHOD_MATCH = YES;
				CODE_SIGN_IDENTITY = "iPhone Developer";
				COPY_PHASE_STRIP = NO;
				DEBUG_INFORMATION_FORMAT = "dwarf-with-dsym";
				ENABLE_NS_ASSERTIONS = NO;
				ENABLE_STRICT_OBJC_MSGSEND = YES;
				GCC_C_LANGUAGE_STANDARD = gnu11;
				GCC_NO_COMMON_BLOCKS = YES;
				GCC_WARN_64_TO_32_BIT_CONVERSION = YES;
				GCC_WARN_ABOUT_RETURN_TYPE = YES_ERROR;
				GCC_WARN_UNDECLARED_SELECTOR = YES;
				GCC_WARN_UNINITIALIZED_AUTOS = YES_AGGRESSIVE;
				GCC_WARN_UNUSED_FUNCTION = YES;
				GCC_WARN_UNUSED_VARIABLE = YES;
				IPHONEOS_DEPLOYMENT_TARGET = 12.1;
				MTL_ENABLE_DEBUG_INFO = NO;
				MTL_FAST_MATH = YES;
				SDKROOT = iphoneos;
				SWIFT_COMPILATION_MODE = wholemodule;
				SWIFT_OPTIMIZATION_LEVEL = "-O";
				VALIDATE_PRODUCT = YES;
			};
			name = Release;
		};
		169CCB812268D46800FA68CA /* Debug */ = {
			isa = XCBuildConfiguration;
			buildSettings = {
				ASSETCATALOG_COMPILER_APPICON_NAME = AppIcon;
				CODE_SIGN_STYLE = Automatic;
				DEVELOPMENT_TEAM = 8N7B9WP3WQ;
				INFOPLIST_FILE = CoreDataApp/Info.plist;
				LD_RUNPATH_SEARCH_PATHS = (
					"$(inherited)",
					"@executable_path/Frameworks",
				);
				PRODUCT_BUNDLE_IDENTIFIER = edu.missouri.CoreDataApp;
				PRODUCT_NAME = "$(TARGET_NAME)";
				SWIFT_VERSION = 4.2;
				TARGETED_DEVICE_FAMILY = "1,2";
			};
			name = Debug;
		};
		169CCB822268D46800FA68CA /* Release */ = {
			isa = XCBuildConfiguration;
			buildSettings = {
				ASSETCATALOG_COMPILER_APPICON_NAME = AppIcon;
				CODE_SIGN_STYLE = Automatic;
				DEVELOPMENT_TEAM = 8N7B9WP3WQ;
				INFOPLIST_FILE = CoreDataApp/Info.plist;
				LD_RUNPATH_SEARCH_PATHS = (
					"$(inherited)",
					"@executable_path/Frameworks",
				);
				PRODUCT_BUNDLE_IDENTIFIER = edu.missouri.CoreDataApp;
				PRODUCT_NAME = "$(TARGET_NAME)";
				SWIFT_VERSION = 4.2;
				TARGETED_DEVICE_FAMILY = "1,2";
			};
			name = Release;
		};
		169CCB842268D46800FA68CA /* Debug */ = {
			isa = XCBuildConfiguration;
			buildSettings = {
				ALWAYS_EMBED_SWIFT_STANDARD_LIBRARIES = YES;
				BUNDLE_LOADER = "$(TEST_HOST)";
				CODE_SIGN_STYLE = Automatic;
				DEVELOPMENT_TEAM = 8N7B9WP3WQ;
				INFOPLIST_FILE = CoreDataAppTests/Info.plist;
				LD_RUNPATH_SEARCH_PATHS = (
					"$(inherited)",
					"@executable_path/Frameworks",
					"@loader_path/Frameworks",
				);
				PRODUCT_BUNDLE_IDENTIFIER = edu.missouri.CoreDataAppTests;
				PRODUCT_NAME = "$(TARGET_NAME)";
				SWIFT_VERSION = 4.2;
				TARGETED_DEVICE_FAMILY = "1,2";
				TEST_HOST = "$(BUILT_PRODUCTS_DIR)/CoreDataApp.app/CoreDataApp";
			};
			name = Debug;
		};
		169CCB852268D46800FA68CA /* Release */ = {
			isa = XCBuildConfiguration;
			buildSettings = {
				ALWAYS_EMBED_SWIFT_STANDARD_LIBRARIES = YES;
				BUNDLE_LOADER = "$(TEST_HOST)";
				CODE_SIGN_STYLE = Automatic;
				DEVELOPMENT_TEAM = 8N7B9WP3WQ;
				INFOPLIST_FILE = CoreDataAppTests/Info.plist;
				LD_RUNPATH_SEARCH_PATHS = (
					"$(inherited)",
					"@executable_path/Frameworks",
					"@loader_path/Frameworks",
				);
				PRODUCT_BUNDLE_IDENTIFIER = edu.missouri.CoreDataAppTests;
				PRODUCT_NAME = "$(TARGET_NAME)";
				SWIFT_VERSION = 4.2;
				TARGETED_DEVICE_FAMILY = "1,2";
				TEST_HOST = "$(BUILT_PRODUCTS_DIR)/CoreDataApp.app/CoreDataApp";
			};
			name = Release;
		};
		169CCB872268D46800FA68CA /* Debug */ = {
			isa = XCBuildConfiguration;
			buildSettings = {
				ALWAYS_EMBED_SWIFT_STANDARD_LIBRARIES = YES;
				CODE_SIGN_STYLE = Automatic;
				DEVELOPMENT_TEAM = 8N7B9WP3WQ;
				INFOPLIST_FILE = CoreDataAppUITests/Info.plist;
				LD_RUNPATH_SEARCH_PATHS = (
					"$(inherited)",
					"@executable_path/Frameworks",
					"@loader_path/Frameworks",
				);
				PRODUCT_BUNDLE_IDENTIFIER = edu.missouri.CoreDataAppUITests;
				PRODUCT_NAME = "$(TARGET_NAME)";
				SWIFT_VERSION = 4.2;
				TARGETED_DEVICE_FAMILY = "1,2";
				TEST_TARGET_NAME = CoreDataApp;
			};
			name = Debug;
		};
		169CCB882268D46800FA68CA /* Release */ = {
			isa = XCBuildConfiguration;
			buildSettings = {
				ALWAYS_EMBED_SWIFT_STANDARD_LIBRARIES = YES;
				CODE_SIGN_STYLE = Automatic;
				DEVELOPMENT_TEAM = 8N7B9WP3WQ;
				INFOPLIST_FILE = CoreDataAppUITests/Info.plist;
				LD_RUNPATH_SEARCH_PATHS = (
					"$(inherited)",
					"@executable_path/Frameworks",
					"@loader_path/Frameworks",
				);
				PRODUCT_BUNDLE_IDENTIFIER = edu.missouri.CoreDataAppUITests;
				PRODUCT_NAME = "$(TARGET_NAME)";
				SWIFT_VERSION = 4.2;
				TARGETED_DEVICE_FAMILY = "1,2";
				TEST_TARGET_NAME = CoreDataApp;
			};
			name = Release;
		};
/* End XCBuildConfiguration section */

/* Begin XCConfigurationList section */
		169CCB502268D46700FA68CA /* Build configuration list for PBXProject "CoreDataApp" */ = {
			isa = XCConfigurationList;
			buildConfigurations = (
				169CCB7E2268D46800FA68CA /* Debug */,
				169CCB7F2268D46800FA68CA /* Release */,
			);
			defaultConfigurationIsVisible = 0;
			defaultConfigurationName = Release;
		};
		169CCB802268D46800FA68CA /* Build configuration list for PBXNativeTarget "CoreDataApp" */ = {
			isa = XCConfigurationList;
			buildConfigurations = (
				169CCB812268D46800FA68CA /* Debug */,
				169CCB822268D46800FA68CA /* Release */,
			);
			defaultConfigurationIsVisible = 0;
			defaultConfigurationName = Release;
		};
		169CCB832268D46800FA68CA /* Build configuration list for PBXNativeTarget "CoreDataAppTests" */ = {
			isa = XCConfigurationList;
			buildConfigurations = (
				169CCB842268D46800FA68CA /* Debug */,
				169CCB852268D46800FA68CA /* Release */,
			);
			defaultConfigurationIsVisible = 0;
			defaultConfigurationName = Release;
		};
		169CCB862268D46800FA68CA /* Build configuration list for PBXNativeTarget "CoreDataAppUITests" */ = {
			isa = XCConfigurationList;
			buildConfigurations = (
				169CCB872268D46800FA68CA /* Debug */,
				169CCB882268D46800FA68CA /* Release */,
			);
			defaultConfigurationIsVisible = 0;
			defaultConfigurationName = Release;
		};
/* End XCConfigurationList section */

/* Begin XCVersionGroup section */
		169CCB5F2268D46700FA68CA /* CoreDataApp.xcdatamodeld */ = {
			isa = XCVersionGroup;
			children = (
				169CCB602268D46700FA68CA /* CoreDataApp.xcdatamodel */,
			);
			currentVersion = 169CCB602268D46700FA68CA /* CoreDataApp.xcdatamodel */;
			path = CoreDataApp.xcdatamodeld;
			sourceTree = "<group>";
			versionGroupType = wrapper.xcdatamodel;
		};
/* End XCVersionGroup section */
	};
	rootObject = 169CCB4D2268D46700FA68CA /* Project object */;
}
